{
  "name": "@maurice_cl42/greatmessage",
  "version": "1.0.1",
  "lockfileVersion": 2,
  "requires": true,
  "packages": {
    "": {
      "name": "@maurice_cl42/greatmessage",
      "version": "1.0.1",
      "license": "MIT",
      "bin": {
        "great-msg": "bin/global.js"
      }
    }
  }
}
